
Microsoft Visual Studio Solution File, Format Version 11.00
# Visual Studio 2010
Project("{FAE04EC0-301F-11D3-BF4B-00C04F79EFBC}") = "Assembly-CSharp", "Assembly-CSharp.csproj", "{6687DF6E-2FE0-20FF-0B1C-EFCB8D5BD78F}"
EndProject
Project("{FAE04EC0-301F-11D3-BF4B-00C04F79EFBC}") = "Assembly-CSharp-Editor", "Assembly-CSharp-Editor.csproj", "{5F020E09-0538-F5A0-59BB-F1BEAF31FE90}"
EndProject
Global
	GlobalSection(SolutionConfigurationPlatforms) = preSolution
		Debug|Any CPU = Debug|Any CPU
		Release|Any CPU = Release|Any CPU
	EndGlobalSection
	GlobalSection(ProjectConfigurationPlatforms) = postSolution
		{6687DF6E-2FE0-20FF-0B1C-EFCB8D5BD78F}.Debug|Any CPU.ActiveCfg = Debug|Any CPU
		{6687DF6E-2FE0-20FF-0B1C-EFCB8D5BD78F}.Debug|Any CPU.Build.0 = Debug|Any CPU
		{6687DF6E-2FE0-20FF-0B1C-EFCB8D5BD78F}.Release|Any CPU.ActiveCfg = Release|Any CPU
		{6687DF6E-2FE0-20FF-0B1C-EFCB8D5BD78F}.Release|Any CPU.Build.0 = Release|Any CPU
		{5F020E09-0538-F5A0-59BB-F1BEAF31FE90}.Debug|Any CPU.ActiveCfg = Debug|Any CPU
		{5F020E09-0538-F5A0-59BB-F1BEAF31FE90}.Debug|Any CPU.Build.0 = Debug|Any CPU
		{5F020E09-0538-F5A0-59BB-F1BEAF31FE90}.Release|Any CPU.ActiveCfg = Release|Any CPU
		{5F020E09-0538-F5A0-59BB-F1BEAF31FE90}.Release|Any CPU.Build.0 = Release|Any CPU
	EndGlobalSection
	GlobalSection(SolutionProperties) = preSolution
		HideSolutionNode = FALSE
	EndGlobalSection
	GlobalSection(MonoDevelopProperties) = preSolution
		StartupItem = Assembly-CSharp.csproj
	EndGlobalSection
EndGlobal
